# THIS IS AN AUTOGENERATED FILE. DO NOT EDIT THIS FILE DIRECTLY.
# yarn lockfile v1


"@masa-finance/masa-contracts-oracle@^0.4.5":
  version "0.4.5"
  resolved "https://registry.yarnpkg.com/@masa-finance/masa-contracts-oracle/-/masa-contracts-oracle-0.4.5.tgz#a9fb197b5585f9c476660c45d134842494795190"
  integrity sha512-3SeWpNQ4odLu9dIXNVjDliBSVvEliAy4ULWgQYzsX6hYfYAXhboIUd3+PvJGzGwyEib/3ATwqV7v4v0wBO2kzg==

"@masa-finance/masa-token@^2.10.0":
  version "2.10.0"
  resolved "https://registry.yarnpkg.com/@masa-finance/masa-token/-/masa-token-2.10.0.tgz#57338708a9c6c0b437d482f5ed78b1f2698a8d60"
  integrity sha512-5MRDkXCp1YE6SQyp2WSK4SMchCh1knogsQpnbcryD6U9/TwaT/Fwip1bbFmUdmgYyhmv+IJdiIWDHfAE6UrlvA==
